
Microsoft Visual Studio Solution File, Format Version 12.00
# Visual Studio Version 17
VisualStudioVersion = 17.2.32630.192
MinimumVisualStudioVersion = 10.0.40219.1
Project("{FAE04EC0-301F-11D3-BF4B-00C04F79EFBC}") = "MvcPelicula", "MvcPelicula\MvcPelicula.csproj", "{1D239F82-A183-45DF-9B84-873ECBDF4038}"
EndProject
Global
	GlobalSection(SolutionConfigurationPlatforms) = preSolution
		Debug|Any CPU = Debug|Any CPU
		Release|Any CPU = Release|Any CPU
	EndGlobalSection
	GlobalSection(ProjectConfigurationPlatforms) = postSolution
		{1D239F82-A183-45DF-9B84-873ECBDF4038}.Debug|Any CPU.ActiveCfg = Debug|Any CPU
		{1D239F82-A183-45DF-9B84-873ECBDF4038}.Debug|Any CPU.Build.0 = Debug|Any CPU
		{1D239F82-A183-45DF-9B84-873ECBDF4038}.Release|Any CPU.ActiveCfg = Release|Any CPU
		{1D239F82-A183-45DF-9B84-873ECBDF4038}.Release|Any CPU.Build.0 = Release|Any CPU
	EndGlobalSection
	GlobalSection(SolutionProperties) = preSolution
		HideSolutionNode = FALSE
	EndGlobalSection
	GlobalSection(ExtensibilityGlobals) = postSolution
		SolutionGuid = {4D39EA7E-E208-49DB-9FC7-95029AD2343A}
	EndGlobalSection
EndGlobal
